{
  "name": "nodejs-milo-http-parser-experiments",
  "version": "1.0.0",
  "lockfileVersion": 3,
  "requires": true,
  "packages": {
    "": {
      "name": "nodejs-milo-http-parser-experiments",
      "version": "1.0.0",
      "license": "ISC",
      "dependencies": {
        "@perseveranza-pets/milo": "^0.2.0"
      }
    },
    "node_modules/@perseveranza-pets/milo": {
      "version": "0.2.0",
      "resolved": "https://registry.npmjs.org/@perseveranza-pets/milo/-/milo-0.2.0.tgz",
      "integrity": "sha512-N5pwBmFYxZOZ7mkCtdWtKrFW/3Rx8cDb/k4/CaBl8ziLXy0FU1YkjlHiKig6RLLGxgH/kNpHqktA18ElRc/VIQ==",
      "engines": {
        "node": ">= 18.18.0"
      }
    }
  }
}
